# THIS IS AN AUTOGENERATED FILE. DO NOT EDIT THIS FILE DIRECTLY.
# yarn lockfile v1


"@hassandiv/lord-of-the-rings-sdk@^1.0.2":
  version "1.0.2"
  resolved "https://registry.yarnpkg.com/@hassandiv/lord-of-the-rings-sdk/-/lord-of-the-rings-sdk-1.0.2.tgz#43862bb7fdbd507ee2ccdf71f1dcf4c0f69ea431"
  integrity sha512-QVPZgQ2MOKYkKqjvS+mpX/HD+mXJ3Yc9Rof6e60Rm1tIqLhJn3907ttJxSudWomTirvPwX2teZjkFG/hXYeMYA==

typescript@^5.0.3:
  version "5.0.3"
  resolved "https://registry.npmjs.org/typescript/-/typescript-5.0.3.tgz"
  integrity sha512-xv8mOEDnigb/tN9PSMTwSEqAnUvkoXMQlicOb0IUVDBSQCgBSaAAROUZYy2IcUy5qU6XajK5jjjO7TMWqBTKZA==
